
Microsoft Visual Studio Solution File, Format Version 12.00
# Visual Studio Version 16
VisualStudioVersion = 16.0.29326.143
MinimumVisualStudioVersion = 10.0.40219.1
Project("{FAE04EC0-301F-11D3-BF4B-00C04F79EFBC}") = "1-Classes", "1-Classes\1-Classes.csproj", "{1A826D04-CA2A-4E1A-B95D-45DE55996C97}"
EndProject
Project("{FAE04EC0-301F-11D3-BF4B-00C04F79EFBC}") = "2-Constructors", "2-Constructors\2-Constructors.csproj", "{D179A564-CA8C-474D-8448-132D475068FF}"
EndProject
Global
	GlobalSection(SolutionConfigurationPlatforms) = preSolution
		Debug|Any CPU = Debug|Any CPU
		Release|Any CPU = Release|Any CPU
	EndGlobalSection
	GlobalSection(ProjectConfigurationPlatforms) = postSolution
		{1A826D04-CA2A-4E1A-B95D-45DE55996C97}.Debug|Any CPU.ActiveCfg = Debug|Any CPU
		{1A826D04-CA2A-4E1A-B95D-45DE55996C97}.Debug|Any CPU.Build.0 = Debug|Any CPU
		{1A826D04-CA2A-4E1A-B95D-45DE55996C97}.Release|Any CPU.ActiveCfg = Release|Any CPU
		{1A826D04-CA2A-4E1A-B95D-45DE55996C97}.Release|Any CPU.Build.0 = Release|Any CPU
		{D179A564-CA8C-474D-8448-132D475068FF}.Debug|Any CPU.ActiveCfg = Debug|Any CPU
		{D179A564-CA8C-474D-8448-132D475068FF}.Debug|Any CPU.Build.0 = Debug|Any CPU
		{D179A564-CA8C-474D-8448-132D475068FF}.Release|Any CPU.ActiveCfg = Release|Any CPU
		{D179A564-CA8C-474D-8448-132D475068FF}.Release|Any CPU.Build.0 = Release|Any CPU
	EndGlobalSection
	GlobalSection(SolutionProperties) = preSolution
		HideSolutionNode = FALSE
	EndGlobalSection
	GlobalSection(ExtensibilityGlobals) = postSolution
		SolutionGuid = {D29D61B3-2F49-4972-B2BC-79C5DEEBE064}
	EndGlobalSection
EndGlobal
